
Microsoft Visual Studio Solution File, Format Version 12.00
# Visual Studio Version 17
VisualStudioVersion = 17.11.35208.52
MinimumVisualStudioVersion = 10.0.40219.1
Project("{FAE04EC0-301F-11D3-BF4B-00C04F79EFBC}") = "CounterPartMusic", "CounterPartMusic\CounterPartMusic.csproj", "{7CE1F95C-FE50-4E77-AA07-BB8210C49407}"
EndProject
Global
	GlobalSection(SolutionConfigurationPlatforms) = preSolution
		Debug|Any CPU = Debug|Any CPU
		Release|Any CPU = Release|Any CPU
	EndGlobalSection
	GlobalSection(ProjectConfigurationPlatforms) = postSolution
		{7CE1F95C-FE50-4E77-AA07-BB8210C49407}.Debug|Any CPU.ActiveCfg = Debug|Any CPU
		{7CE1F95C-FE50-4E77-AA07-BB8210C49407}.Debug|Any CPU.Build.0 = Debug|Any CPU
		{7CE1F95C-FE50-4E77-AA07-BB8210C49407}.Release|Any CPU.ActiveCfg = Release|Any CPU
		{7CE1F95C-FE50-4E77-AA07-BB8210C49407}.Release|Any CPU.Build.0 = Release|Any CPU
	EndGlobalSection
	GlobalSection(SolutionProperties) = preSolution
		HideSolutionNode = FALSE
	EndGlobalSection
	GlobalSection(ExtensibilityGlobals) = postSolution
		SolutionGuid = {C20030E9-493F-4FA5-87EC-EC9081C34F9B}
	EndGlobalSection
EndGlobal
